// !$*UTF8*$!
{
	archiveVersion = 1;
	classes = {
	};
	objectVersion = 55;
	objects = {

/* Begin PBXBuildFile section */
		9B8A193B1E08567B3A93CF5E /* Pods_Tapcounter.framework in Frameworks */ = {isa = PBXBuildFile; fileRef = 38543788CC6E03E04318BF40 /* Pods_Tapcounter.framework */; };
		F995F6CE286C3BF6001ED7A3 /* ViewControllerTabOrHoldCounter.swift in Sources */ = {isa = PBXBuildFile; fileRef = F995F6CD286C3BF5001ED7A3 /* ViewControllerTabOrHoldCounter.swift */; };
		F995F6D0286C437B001ED7A3 /* ViewControllerTipCalculator.swift in Sources */ = {isa = PBXBuildFile; fileRef = F995F6CF286C437B001ED7A3 /* ViewControllerTipCalculator.swift */; };
		F995F6D2286CC810001ED7A3 /* ViewControllerReactiveFoodTableView.swift in Sources */ = {isa = PBXBuildFile; fileRef = F995F6D1286CC810001ED7A3 /* ViewControllerReactiveFoodTableView.swift */; };
		F995F6D4286CCA34001ED7A3 /* ViewControllerGettingCurrentDateAndTime.swift in Sources */ = {isa = PBXBuildFile; fileRef = F995F6D3286CCA34001ED7A3 /* ViewControllerGettingCurrentDateAndTime.swift */; };
		F995F6D6286CD080001ED7A3 /* ViewControllerSwipeToDismissKeyboard.swift in Sources */ = {isa = PBXBuildFile; fileRef = F995F6D5286CD080001ED7A3 /* ViewControllerSwipeToDismissKeyboard.swift */; };
		F995F6D8286CD3DB001ED7A3 /* ViewControllerAddPhotoFromCameraRoll.swift in Sources */ = {isa = PBXBuildFile; fileRef = F995F6D7286CD3DB001ED7A3 /* ViewControllerAddPhotoFromCameraRoll.swift */; };
		F995F6DA286CD5A4001ED7A3 /* ViewControllerPullToRefreshTableView.swift in Sources */ = {isa = PBXBuildFile; fileRef = F995F6D9286CD5A4001ED7A3 /* ViewControllerPullToRefreshTableView.swift */; };
		F9A765E9286E326800743552 /* ViewControllerObservableObserverDisposeBag.swift in Sources */ = {isa = PBXBuildFile; fileRef = F9A765E8286E326800743552 /* ViewControllerObservableObserverDisposeBag.swift */; };
		F9D6FBAD286BFCF10039ADF0 /* AppDelegate.swift in Sources */ = {isa = PBXBuildFile; fileRef = F9D6FBAC286BFCF10039ADF0 /* AppDelegate.swift */; };
		F9D6FBAF286BFCF10039ADF0 /* SceneDelegate.swift in Sources */ = {isa = PBXBuildFile; fileRef = F9D6FBAE286BFCF10039ADF0 /* SceneDelegate.swift */; };
		F9D6FBB1286BFCF10039ADF0 /* ViewControllerTabCounter.swift in Sources */ = {isa = PBXBuildFile; fileRef = F9D6FBB0286BFCF10039ADF0 /* ViewControllerTabCounter.swift */; };
		F9D6FBB4286BFCF10039ADF0 /* Main.storyboard in Resources */ = {isa = PBXBuildFile; fileRef = F9D6FBB2286BFCF10039ADF0 /* Main.storyboard */; };
		F9D6FBB6286BFCF30039ADF0 /* Assets.xcassets in Resources */ = {isa = PBXBuildFile; fileRef = F9D6FBB5286BFCF30039ADF0 /* Assets.xcassets */; };
		F9D6FBB9286BFCF30039ADF0 /* LaunchScreen.storyboard in Resources */ = {isa = PBXBuildFile; fileRef = F9D6FBB7286BFCF30039ADF0 /* LaunchScreen.storyboard */; };
/* End PBXBuildFile section */

/* Begin PBXFileReference section */
		38543788CC6E03E04318BF40 /* Pods_Tapcounter.framework */ = {isa = PBXFileReference; explicitFileType = wrapper.framework; includeInIndex = 0; path = Pods_Tapcounter.framework; sourceTree = BUILT_PRODUCTS_DIR; };
		D251D3512412CD831B8BE03F /* Pods-Tapcounter.release.xcconfig */ = {isa = PBXFileReference; includeInIndex = 1; lastKnownFileType = text.xcconfig; name = "Pods-Tapcounter.release.xcconfig"; path = "Target Support Files/Pods-Tapcounter/Pods-Tapcounter.release.xcconfig"; sourceTree = "<group>"; };
		EAA204171754060C418A1DB1 /* Pods-Tapcounter.debug.xcconfig */ = {isa = PBXFileReference; includeInIndex = 1; lastKnownFileType = text.xcconfig; name = "Pods-Tapcounter.debug.xcconfig"; path = "Target Support Files/Pods-Tapcounter/Pods-Tapcounter.debug.xcconfig"; sourceTree = "<group>"; };
		F995F6CD286C3BF5001ED7A3 /* ViewControllerTabOrHoldCounter.swift */ = {isa = PBXFileReference; lastKnownFileType = sourcecode.swift; path = ViewControllerTabOrHoldCounter.swift; sourceTree = "<group>"; };
		F995F6CF286C437B001ED7A3 /* ViewControllerTipCalculator.swift */ = {isa = PBXFileReference; lastKnownFileType = sourcecode.swift; path = ViewControllerTipCalculator.swift; sourceTree = "<group>"; };
		F995F6D1286CC810001ED7A3 /* ViewControllerReactiveFoodTableView.swift */ = {isa = PBXFileReference; lastKnownFileType = sourcecode.swift; path = ViewControllerReactiveFoodTableView.swift; sourceTree = "<group>"; };
		F995F6D3286CCA34001ED7A3 /* ViewControllerGettingCurrentDateAndTime.swift */ = {isa = PBXFileReference; lastKnownFileType = sourcecode.swift; path = ViewControllerGettingCurrentDateAndTime.swift; sourceTree = "<group>"; };
		F995F6D5286CD080001ED7A3 /* ViewControllerSwipeToDismissKeyboard.swift */ = {isa = PBXFileReference; lastKnownFileType = sourcecode.swift; path = ViewControllerSwipeToDismissKeyboard.swift; sourceTree = "<group>"; };
		F995F6D7286CD3DB001ED7A3 /* ViewControllerAddPhotoFromCameraRoll.swift */ = {isa = PBXFileReference; lastKnownFileType = sourcecode.swift; path = ViewControllerAddPhotoFromCameraRoll.swift; sourceTree = "<group>"; };
		F995F6D9286CD5A4001ED7A3 /* ViewControllerPullToRefreshTableView.swift */ = {isa = PBXFileReference; lastKnownFileType = sourcecode.swift; path = ViewControllerPullToRefreshTableView.swift; sourceTree = "<group>"; };
		F9A765E8286E326800743552 /* ViewControllerObservableObserverDisposeBag.swift */ = {isa = PBXFileReference; lastKnownFileType = sourcecode.swift; path = ViewControllerObservableObserverDisposeBag.swift; sourceTree = "<group>"; };
		F9D6FBA9286BFCF10039ADF0 /* Tapcounter.app */ = {isa = PBXFileReference; explicitFileType = wrapper.application; includeInIndex = 0; path = Tapcounter.app; sourceTree = BUILT_PRODUCTS_DIR; };
		F9D6FBAC286BFCF10039ADF0 /* AppDelegate.swift */ = {isa = PBXFileReference; lastKnownFileType = sourcecode.swift; path = AppDelegate.swift; sourceTree = "<group>"; };
		F9D6FBAE286BFCF10039ADF0 /* SceneDelegate.swift */ = {isa = PBXFileReference; lastKnownFileType = sourcecode.swift; path = SceneDelegate.swift; sourceTree = "<group>"; };
		F9D6FBB0286BFCF10039ADF0 /* ViewControllerTabCounter.swift */ = {isa = PBXFileReference; lastKnownFileType = sourcecode.swift; path = ViewControllerTabCounter.swift; sourceTree = "<group>"; };
		F9D6FBB3286BFCF10039ADF0 /* Base */ = {isa = PBXFileReference; lastKnownFileType = file.storyboard; name = Base; path = Base.lproj/Main.storyboard; sourceTree = "<group>"; };
		F9D6FBB5286BFCF30039ADF0 /* Assets.xcassets */ = {isa = PBXFileReference; lastKnownFileType = folder.assetcatalog; path = Assets.xcassets; sourceTree = "<group>"; };
		F9D6FBB8286BFCF30039ADF0 /* Base */ = {isa = PBXFileReference; lastKnownFileType = file.storyboard; name = Base; path = Base.lproj/LaunchScreen.storyboard; sourceTree = "<group>"; };
		F9D6FBBA286BFCF30039ADF0 /* Info.plist */ = {isa = PBXFileReference; lastKnownFileType = text.plist.xml; path = Info.plist; sourceTree = "<group>"; };
/* End PBXFileReference section */

/* Begin PBXFrameworksBuildPhase section */
		F9D6FBA6286BFCF10039ADF0 /* Frameworks */ = {
			isa = PBXFrameworksBuildPhase;
			buildActionMask = 2147483647;
			files = (
				9B8A193B1E08567B3A93CF5E /* Pods_Tapcounter.framework in Frameworks */,
			);
			runOnlyForDeploymentPostprocessing = 0;
		};
/* End PBXFrameworksBuildPhase section */

/* Begin PBXGroup section */
		4919FB5A6984C41A4A60A27B /* Frameworks */ = {
			isa = PBXGroup;
			children = (
				38543788CC6E03E04318BF40 /* Pods_Tapcounter.framework */,
			);
			name = Frameworks;
			sourceTree = "<group>";
		};
		7C9A866366574953D3055F2B /* Pods */ = {
			isa = PBXGroup;
			children = (
				EAA204171754060C418A1DB1 /* Pods-Tapcounter.debug.xcconfig */,
				D251D3512412CD831B8BE03F /* Pods-Tapcounter.release.xcconfig */,
			);
			path = Pods;
			sourceTree = "<group>";
		};
		F9D6FBA0286BFCF10039ADF0 = {
			isa = PBXGroup;
			children = (
				F9D6FBAB286BFCF10039ADF0 /* Tapcounter */,
				F9D6FBAA286BFCF10039ADF0 /* Products */,
				7C9A866366574953D3055F2B /* Pods */,
				4919FB5A6984C41A4A60A27B /* Frameworks */,
			);
			sourceTree = "<group>";
		};
		F9D6FBAA286BFCF10039ADF0 /* Products */ = {
			isa = PBXGroup;
			children = (
				F9D6FBA9286BFCF10039ADF0 /* Tapcounter.app */,
			);
			name = Products;
			sourceTree = "<group>";
		};
		F9D6FBAB286BFCF10039ADF0 /* Tapcounter */ = {
			isa = PBXGroup;
			children = (
				F9D6FBAC286BFCF10039ADF0 /* AppDelegate.swift */,
				F9D6FBAE286BFCF10039ADF0 /* SceneDelegate.swift */,
				F9D6FBB0286BFCF10039ADF0 /* ViewControllerTabCounter.swift */,
				F995F6CD286C3BF5001ED7A3 /* ViewControllerTabOrHoldCounter.swift */,
				F995F6CF286C437B001ED7A3 /* ViewControllerTipCalculator.swift */,
				F995F6D1286CC810001ED7A3 /* ViewControllerReactiveFoodTableView.swift */,
				F995F6D3286CCA34001ED7A3 /* ViewControllerGettingCurrentDateAndTime.swift */,
				F995F6D5286CD080001ED7A3 /* ViewControllerSwipeToDismissKeyboard.swift */,
				F995F6D7286CD3DB001ED7A3 /* ViewControllerAddPhotoFromCameraRoll.swift */,
				F995F6D9286CD5A4001ED7A3 /* ViewControllerPullToRefreshTableView.swift */,
				F9A765E8286E326800743552 /* ViewControllerObservableObserverDisposeBag.swift */,
				F9D6FBB2286BFCF10039ADF0 /* Main.storyboard */,
				F9D6FBB5286BFCF30039ADF0 /* Assets.xcassets */,
				F9D6FBB7286BFCF30039ADF0 /* LaunchScreen.storyboard */,
				F9D6FBBA286BFCF30039ADF0 /* Info.plist */,
			);
			path = Tapcounter;
			sourceTree = "<group>";
		};
/* End PBXGroup section */

/* Begin PBXNativeTarget section */
		F9D6FBA8286BFCF10039ADF0 /* Tapcounter */ = {
			isa = PBXNativeTarget;
			buildConfigurationList = F9D6FBBD286BFCF30039ADF0 /* Build configuration list for PBXNativeTarget "Tapcounter" */;
			buildPhases = (
				9B97F95FD3FBA2905045CEAE /* [CP] Check Pods Manifest.lock */,
				F9D6FBA5286BFCF10039ADF0 /* Sources */,
				F9D6FBA6286BFCF10039ADF0 /* Frameworks */,
				F9D6FBA7286BFCF10039ADF0 /* Resources */,
				70A59D3750A2816483615479 /* [CP] Embed Pods Frameworks */,
			);
			buildRules = (
			);
			dependencies = (
			);
			name = Tapcounter;
			productName = Tapcounter;
			productReference = F9D6FBA9286BFCF10039ADF0 /* Tapcounter.app */;
			productType = "com.apple.product-type.application";
		};
/* End PBXNativeTarget section */

/* Begin PBXProject section */
		F9D6FBA1286BFCF10039ADF0 /* Project object */ = {
			isa = PBXProject;
			attributes = {
				BuildIndependentTargetsInParallel = 1;
				LastSwiftUpdateCheck = 1340;
				LastUpgradeCheck = 1340;
				TargetAttributes = {
					F9D6FBA8286BFCF10039ADF0 = {
						CreatedOnToolsVersion = 13.4.1;
					};
				};
			};
			buildConfigurationList = F9D6FBA4286BFCF10039ADF0 /* Build configuration list for PBXProject "Tapcounter" */;
			compatibilityVersion = "Xcode 13.0";
			developmentRegion = en;
			hasScannedForEncodings = 0;
			knownRegions = (
				en,
				Base,
			);
			mainGroup = F9D6FBA0286BFCF10039ADF0;
			productRefGroup = F9D6FBAA286BFCF10039ADF0 /* Products */;
			projectDirPath = "";
			projectRoot = "";
			targets = (
				F9D6FBA8286BFCF10039ADF0 /* Tapcounter */,
			);
		};
/* End PBXProject section */

/* Begin PBXResourcesBuildPhase section */
		F9D6FBA7286BFCF10039ADF0 /* Resources */ = {
			isa = PBXResourcesBuildPhase;
			buildActionMask = 2147483647;
			files = (
				F9D6FBB9286BFCF30039ADF0 /* LaunchScreen.storyboard in Resources */,
				F9D6FBB6286BFCF30039ADF0 /* Assets.xcassets in Resources */,
				F9D6FBB4286BFCF10039ADF0 /* Main.storyboard in Resources */,
			);
			runOnlyForDeploymentPostprocessing = 0;
		};
/* End PBXResourcesBuildPhase section */

/* Begin PBXShellScriptBuildPhase section */
		70A59D3750A2816483615479 /* [CP] Embed Pods Frameworks */ = {
			isa = PBXShellScriptBuildPhase;
			buildActionMask = 2147483647;
			files = (
			);
			inputFileListPaths = (
				"${PODS_ROOT}/Target Support Files/Pods-Tapcounter/Pods-Tapcounter-frameworks-${CONFIGURATION}-input-files.xcfilelist",
			);
			name = "[CP] Embed Pods Frameworks";
			outputFileListPaths = (
				"${PODS_ROOT}/Target Support Files/Pods-Tapcounter/Pods-Tapcounter-frameworks-${CONFIGURATION}-output-files.xcfilelist",
			);
			runOnlyForDeploymentPostprocessing = 0;
			shellPath = /bin/sh;
			shellScript = "\"${PODS_ROOT}/Target Support Files/Pods-Tapcounter/Pods-Tapcounter-frameworks.sh\"\n";
			showEnvVarsInLog = 0;
		};
		9B97F95FD3FBA2905045CEAE /* [CP] Check Pods Manifest.lock */ = {
			isa = PBXShellScriptBuildPhase;
			buildActionMask = 2147483647;
			files = (
			);
			inputFileListPaths = (
			);
			inputPaths = (
				"${PODS_PODFILE_DIR_PATH}/Podfile.lock",
				"${PODS_ROOT}/Manifest.lock",
			);
			name = "[CP] Check Pods Manifest.lock";
			outputFileListPaths = (
			);
			outputPaths = (
				"$(DERIVED_FILE_DIR)/Pods-Tapcounter-checkManifestLockResult.txt",
			);
			runOnlyForDeploymentPostprocessing = 0;
			shellPath = /bin/sh;
			shellScript = "diff \"${PODS_PODFILE_DIR_PATH}/Podfile.lock\" \"${PODS_ROOT}/Manifest.lock\" > /dev/null\nif [ $? != 0 ] ; then\n    # print error to STDERR\n    echo \"error: The sandbox is not in sync with the Podfile.lock. Run 'pod install' or update your CocoaPods installation.\" >&2\n    exit 1\nfi\n# This output is used by Xcode 'outputs' to avoid re-running this script phase.\necho \"SUCCESS\" > \"${SCRIPT_OUTPUT_FILE_0}\"\n";
			showEnvVarsInLog = 0;
		};
/* End PBXShellScriptBuildPhase section */

/* Begin PBXSourcesBuildPhase section */
		F9D6FBA5286BFCF10039ADF0 /* Sources */ = {
			isa = PBXSourcesBuildPhase;
			buildActionMask = 2147483647;
			files = (
				F9D6FBB1286BFCF10039ADF0 /* ViewControllerTabCounter.swift in Sources */,
				F995F6D4286CCA34001ED7A3 /* ViewControllerGettingCurrentDateAndTime.swift in Sources */,
				F995F6D8286CD3DB001ED7A3 /* ViewControllerAddPhotoFromCameraRoll.swift in Sources */,
				F995F6DA286CD5A4001ED7A3 /* ViewControllerPullToRefreshTableView.swift in Sources */,
				F995F6D0286C437B001ED7A3 /* ViewControllerTipCalculator.swift in Sources */,
				F9A765E9286E326800743552 /* ViewControllerObservableObserverDisposeBag.swift in Sources */,
				F995F6D2286CC810001ED7A3 /* ViewControllerReactiveFoodTableView.swift in Sources */,
				F995F6D6286CD080001ED7A3 /* ViewControllerSwipeToDismissKeyboard.swift in Sources */,
				F9D6FBAD286BFCF10039ADF0 /* AppDelegate.swift in Sources */,
				F9D6FBAF286BFCF10039ADF0 /* SceneDelegate.swift in Sources */,
				F995F6CE286C3BF6001ED7A3 /* ViewControllerTabOrHoldCounter.swift in Sources */,
			);
			runOnlyForDeploymentPostprocessing = 0;
		};
/* End PBXSourcesBuildPhase section */

/* Begin PBXVariantGroup section */
		F9D6FBB2286BFCF10039ADF0 /* Main.storyboard */ = {
			isa = PBXVariantGroup;
			children = (
				F9D6FBB3286BFCF10039ADF0 /* Base */,
			);
			name = Main.storyboard;
			sourceTree = "<group>";
		};
		F9D6FBB7286BFCF30039ADF0 /* LaunchScreen.storyboard */ = {
			isa = PBXVariantGroup;
			children = (
				F9D6FBB8286BFCF30039ADF0 /* Base */,
			);
			name = LaunchScreen.storyboard;
			sourceTree = "<group>";
		};
/* End PBXVariantGroup section */

/* Begin XCBuildConfiguration section */
		F9D6FBBB286BFCF30039ADF0 /* Debug */ = {
			isa = XCBuildConfiguration;
			buildSettings = {
				ALWAYS_SEARCH_USER_PATHS = NO;
				CLANG_ANALYZER_NONNULL = YES;
				CLANG_ANALYZER_NUMBER_OBJECT_CONVERSION = YES_AGGRESSIVE;
				CLANG_CXX_LANGUAGE_STANDARD = "gnu++17";
				CLANG_ENABLE_MODULES = YES;
				CLANG_ENABLE_OBJC_ARC = YES;
				CLANG_ENABLE_OBJC_WEAK = YES;
				CLANG_WARN_BLOCK_CAPTURE_AUTORELEASING = YES;
				CLANG_WARN_BOOL_CONVERSION = YES;
				CLANG_WARN_COMMA = YES;
				CLANG_WARN_CONSTANT_CONVERSION = YES;
				CLANG_WARN_DEPRECATED_OBJC_IMPLEMENTATIONS = YES;
				CLANG_WARN_DIRECT_OBJC_ISA_USAGE = YES_ERROR;
				CLANG_WARN_DOCUMENTATION_COMMENTS = YES;
				CLANG_WARN_EMPTY_BODY = YES;
				CLANG_WARN_ENUM_CONVERSION = YES;
				CLANG_WARN_INFINITE_RECURSION = YES;
				CLANG_WARN_INT_CONVERSION = YES;
				CLANG_WARN_NON_LITERAL_NULL_CONVERSION = YES;
				CLANG_WARN_OBJC_IMPLICIT_RETAIN_SELF = YES;
				CLANG_WARN_OBJC_LITERAL_CONVERSION = YES;
				CLANG_WARN_OBJC_ROOT_CLASS = YES_ERROR;
				CLANG_WARN_QUOTED_INCLUDE_IN_FRAMEWORK_HEADER = YES;
				CLANG_WARN_RANGE_LOOP_ANALYSIS = YES;
				CLANG_WARN_STRICT_PROTOTYPES = YES;
				CLANG_WARN_SUSPICIOUS_MOVE = YES;
				CLANG_WARN_UNGUARDED_AVAILABILITY = YES_AGGRESSIVE;
				CLANG_WARN_UNREACHABLE_CODE = YES;
				CLANG_WARN__DUPLICATE_METHOD_MATCH = YES;
				COPY_PHASE_STRIP = NO;
				DEBUG_INFORMATION_FORMAT = dwarf;
				ENABLE_STRICT_OBJC_MSGSEND = YES;
				ENABLE_TESTABILITY = YES;
				GCC_C_LANGUAGE_STANDARD = gnu11;
				GCC_DYNAMIC_NO_PIC = NO;
				GCC_NO_COMMON_BLOCKS = YES;
				GCC_OPTIMIZATION_LEVEL = 0;
				GCC_PREPROCESSOR_DEFINITIONS = (
					"DEBUG=1",
					"$(inherited)",
				);
				GCC_WARN_64_TO_32_BIT_CONVERSION = YES;
				GCC_WARN_ABOUT_RETURN_TYPE = YES_ERROR;
				GCC_WARN_UNDECLARED_SELECTOR = YES;
				GCC_WARN_UNINITIALIZED_AUTOS = YES_AGGRESSIVE;
				GCC_WARN_UNUSED_FUNCTION = YES;
				GCC_WARN_UNUSED_VARIABLE = YES;
				IPHONEOS_DEPLOYMENT_TARGET = 15.5;
				MTL_ENABLE_DEBUG_INFO = INCLUDE_SOURCE;
				MTL_FAST_MATH = YES;
				ONLY_ACTIVE_ARCH = YES;
				SDKROOT = iphoneos;
				SWIFT_ACTIVE_COMPILATION_CONDITIONS = DEBUG;
				SWIFT_OPTIMIZATION_LEVEL = "-Onone";
			};
			name = Debug;
		};
		F9D6FBBC286BFCF30039ADF0 /* Release */ = {
			isa = XCBuildConfiguration;
			buildSettings = {
				ALWAYS_SEARCH_USER_PATHS = NO;
				CLANG_ANALYZER_NONNULL = YES;
				CLANG_ANALYZER_NUMBER_OBJECT_CONVERSION = YES_AGGRESSIVE;
				CLANG_CXX_LANGUAGE_STANDARD = "gnu++17";
				CLANG_ENABLE_MODULES = YES;
				CLANG_ENABLE_OBJC_ARC = YES;
				CLANG_ENABLE_OBJC_WEAK = YES;
				CLANG_WARN_BLOCK_CAPTURE_AUTORELEASING = YES;
				CLANG_WARN_BOOL_CONVERSION = YES;
				CLANG_WARN_COMMA = YES;
				CLANG_WARN_CONSTANT_CONVERSION = YES;
				CLANG_WARN_DEPRECATED_OBJC_IMPLEMENTATIONS = YES;
				CLANG_WARN_DIRECT_OBJC_ISA_USAGE = YES_ERROR;
				CLANG_WARN_DOCUMENTATION_COMMENTS = YES;
				CLANG_WARN_EMPTY_BODY = YES;
				CLANG_WARN_ENUM_CONVERSION = YES;
				CLANG_WARN_INFINITE_RECURSION = YES;
				CLANG_WARN_INT_CONVERSION = YES;
				CLANG_WARN_NON_LITERAL_NULL_CONVERSION = YES;
				CLANG_WARN_OBJC_IMPLICIT_RETAIN_SELF = YES;
				CLANG_WARN_OBJC_LITERAL_CONVERSION = YES;
				CLANG_WARN_OBJC_ROOT_CLASS = YES_ERROR;
				CLANG_WARN_QUOTED_INCLUDE_IN_FRAMEWORK_HEADER = YES;
				CLANG_WARN_RANGE_LOOP_ANALYSIS = YES;
				CLANG_WARN_STRICT_PROTOTYPES = YES;
				CLANG_WARN_SUSPICIOUS_MOVE = YES;
				CLANG_WARN_UNGUARDED_AVAILABILITY = YES_AGGRESSIVE;
				CLANG_WARN_UNREACHABLE_CODE = YES;
				CLANG_WARN__DUPLICATE_METHOD_MATCH = YES;
				COPY_PHASE_STRIP = NO;
				DEBUG_INFORMATION_FORMAT = "dwarf-with-dsym";
				ENABLE_NS_ASSERTIONS = NO;
				ENABLE_STRICT_OBJC_MSGSEND = YES;
				GCC_C_LANGUAGE_STANDARD = gnu11;
				GCC_NO_COMMON_BLOCKS = YES;
				GCC_WARN_64_TO_32_BIT_CONVERSION = YES;
				GCC_WARN_ABOUT_RETURN_TYPE = YES_ERROR;
				GCC_WARN_UNDECLARED_SELECTOR = YES;
				GCC_WARN_UNINITIALIZED_AUTOS = YES_AGGRESSIVE;
				GCC_WARN_UNUSED_FUNCTION = YES;
				GCC_WARN_UNUSED_VARIABLE = YES;
				IPHONEOS_DEPLOYMENT_TARGET = 15.5;
				MTL_ENABLE_DEBUG_INFO = NO;
				MTL_FAST_MATH = YES;
				SDKROOT = iphoneos;
				SWIFT_COMPILATION_MODE = wholemodule;
				SWIFT_OPTIMIZATION_LEVEL = "-O";
				VALIDATE_PRODUCT = YES;
			};
			name = Release;
		};
		F9D6FBBE286BFCF30039ADF0 /* Debug */ = {
			isa = XCBuildConfiguration;
			baseConfigurationReference = EAA204171754060C418A1DB1 /* Pods-Tapcounter.debug.xcconfig */;
			buildSettings = {
				ASSETCATALOG_COMPILER_APPICON_NAME = AppIcon;
				ASSETCATALOG_COMPILER_GLOBAL_ACCENT_COLOR_NAME = AccentColor;
				CODE_SIGN_STYLE = Automatic;
				CURRENT_PROJECT_VERSION = 1;
				GENERATE_INFOPLIST_FILE = YES;
				INFOPLIST_FILE = Tapcounter/Info.plist;
				INFOPLIST_KEY_UIApplicationSupportsIndirectInputEvents = YES;
				INFOPLIST_KEY_UILaunchStoryboardName = LaunchScreen;
				INFOPLIST_KEY_UIMainStoryboardFile = Main;
				INFOPLIST_KEY_UISupportedInterfaceOrientations_iPad = "UIInterfaceOrientationPortrait UIInterfaceOrientationPortraitUpsideDown UIInterfaceOrientationLandscapeLeft UIInterfaceOrientationLandscapeRight";
				INFOPLIST_KEY_UISupportedInterfaceOrientations_iPhone = "UIInterfaceOrientationPortrait UIInterfaceOrientationLandscapeLeft UIInterfaceOrientationLandscapeRight";
				LD_RUNPATH_SEARCH_PATHS = (
					"$(inherited)",
					"@executable_path/Frameworks",
				);
				MARKETING_VERSION = 1.0;
				PRODUCT_BUNDLE_IDENTIFIER = com.app.tapcounter.Tapcounter;
				PRODUCT_NAME = "$(TARGET_NAME)";
				SWIFT_EMIT_LOC_STRINGS = YES;
				SWIFT_VERSION = 5.0;
				TARGETED_DEVICE_FAMILY = "1,2";
			};
			name = Debug;
		};
		F9D6FBBF286BFCF30039ADF0 /* Release */ = {
			isa = XCBuildConfiguration;
			baseConfigurationReference = D251D3512412CD831B8BE03F /* Pods-Tapcounter.release.xcconfig */;
			buildSettings = {
				ASSETCATALOG_COMPILER_APPICON_NAME = AppIcon;
				ASSETCATALOG_COMPILER_GLOBAL_ACCENT_COLOR_NAME = AccentColor;
				CODE_SIGN_STYLE = Automatic;
				CURRENT_PROJECT_VERSION = 1;
				GENERATE_INFOPLIST_FILE = YES;
				INFOPLIST_FILE = Tapcounter/Info.plist;
				INFOPLIST_KEY_UIApplicationSupportsIndirectInputEvents = YES;
				INFOPLIST_KEY_UILaunchStoryboardName = LaunchScreen;
				INFOPLIST_KEY_UIMainStoryboardFile = Main;
				INFOPLIST_KEY_UISupportedInterfaceOrientations_iPad = "UIInterfaceOrientationPortrait UIInterfaceOrientationPortraitUpsideDown UIInterfaceOrientationLandscapeLeft UIInterfaceOrientationLandscapeRight";
				INFOPLIST_KEY_UISupportedInterfaceOrientations_iPhone = "UIInterfaceOrientationPortrait UIInterfaceOrientationLandscapeLeft UIInterfaceOrientationLandscapeRight";
				LD_RUNPATH_SEARCH_PATHS = (
					"$(inherited)",
					"@executable_path/Frameworks",
				);
				MARKETING_VERSION = 1.0;
				PRODUCT_BUNDLE_IDENTIFIER = com.app.tapcounter.Tapcounter;
				PRODUCT_NAME = "$(TARGET_NAME)";
				SWIFT_EMIT_LOC_STRINGS = YES;
				SWIFT_VERSION = 5.0;
				TARGETED_DEVICE_FAMILY = "1,2";
			};
			name = Release;
		};
/* End XCBuildConfiguration section */

/* Begin XCConfigurationList section */
		F9D6FBA4286BFCF10039ADF0 /* Build configuration list for PBXProject "Tapcounter" */ = {
			isa = XCConfigurationList;
			buildConfigurations = (
				F9D6FBBB286BFCF30039ADF0 /* Debug */,
				F9D6FBBC286BFCF30039ADF0 /* Release */,
			);
			defaultConfigurationIsVisible = 0;
			defaultConfigurationName = Release;
		};
		F9D6FBBD286BFCF30039ADF0 /* Build configuration list for PBXNativeTarget "Tapcounter" */ = {
			isa = XCConfigurationList;
			buildConfigurations = (
				F9D6FBBE286BFCF30039ADF0 /* Debug */,
				F9D6FBBF286BFCF30039ADF0 /* Release */,
			);
			defaultConfigurationIsVisible = 0;
			defaultConfigurationName = Release;
		};
/* End XCConfigurationList section */
	};
	rootObject = F9D6FBA1286BFCF10039ADF0 /* Project object */;
}
